
Microsoft Visual Studio Solution File, Format Version 12.00
# Visual Studio 15
VisualStudioVersion = 15.0.28307.1622
MinimumVisualStudioVersion = 10.0.40219.1
Project("{FAE04EC0-301F-11D3-BF4B-00C04F79EFBC}") = "Mvc_BusinnesObjects", "Mvc_BusinnesObjects\Mvc_BusinnesObjects.csproj", "{0CED087E-1220-48A8-AFD8-B04FDA25A2B2}"
EndProject
Global
	GlobalSection(SolutionConfigurationPlatforms) = preSolution
		Debug|Any CPU = Debug|Any CPU
		Release|Any CPU = Release|Any CPU
	EndGlobalSection
	GlobalSection(ProjectConfigurationPlatforms) = postSolution
		{0CED087E-1220-48A8-AFD8-B04FDA25A2B2}.Debug|Any CPU.ActiveCfg = Debug|Any CPU
		{0CED087E-1220-48A8-AFD8-B04FDA25A2B2}.Debug|Any CPU.Build.0 = Debug|Any CPU
		{0CED087E-1220-48A8-AFD8-B04FDA25A2B2}.Release|Any CPU.ActiveCfg = Release|Any CPU
		{0CED087E-1220-48A8-AFD8-B04FDA25A2B2}.Release|Any CPU.Build.0 = Release|Any CPU
	EndGlobalSection
	GlobalSection(SolutionProperties) = preSolution
		HideSolutionNode = FALSE
	EndGlobalSection
	GlobalSection(ExtensibilityGlobals) = postSolution
		SolutionGuid = {B1B38EE3-7C67-4AEF-9A60-355B354B9FCC}
	EndGlobalSection
EndGlobal
